
Microsoft Visual Studio Solution File, Format Version 12.00
# Visual Studio Version 16
VisualStudioVersion = 16.0.29920.165
MinimumVisualStudioVersion = 10.0.40219.1
Project("{FAE04EC0-301F-11D3-BF4B-00C04F79EFBC}") = "Alamprogramm", "Alamprogramm\Alamprogramm.csproj", "{A04DE2F6-E600-42E3-ACF7-F475BA9A6AFA}"
EndProject
Global
	GlobalSection(SolutionConfigurationPlatforms) = preSolution
		Debug|Any CPU = Debug|Any CPU
		Release|Any CPU = Release|Any CPU
	EndGlobalSection
	GlobalSection(ProjectConfigurationPlatforms) = postSolution
		{A04DE2F6-E600-42E3-ACF7-F475BA9A6AFA}.Debug|Any CPU.ActiveCfg = Debug|Any CPU
		{A04DE2F6-E600-42E3-ACF7-F475BA9A6AFA}.Debug|Any CPU.Build.0 = Debug|Any CPU
		{A04DE2F6-E600-42E3-ACF7-F475BA9A6AFA}.Release|Any CPU.ActiveCfg = Release|Any CPU
		{A04DE2F6-E600-42E3-ACF7-F475BA9A6AFA}.Release|Any CPU.Build.0 = Release|Any CPU
	EndGlobalSection
	GlobalSection(SolutionProperties) = preSolution
		HideSolutionNode = FALSE
	EndGlobalSection
	GlobalSection(ExtensibilityGlobals) = postSolution
		SolutionGuid = {5962D411-839B-4910-8D12-DC9FA009C745}
	EndGlobalSection
EndGlobal
